// !$*UTF8*$!
{
	archiveVersion = 1;
	classes = {
	};
	objectVersion = 46;
	objects = {

/* Begin PBXBuildFile section */
		112B065D1FB46BB500E1AC44 /* testcameraViewController.swift in Sources */ = {isa = PBXBuildFile; fileRef = 114678AF1F653BCA003CC402 /* testcameraViewController.swift */; };
		112B065E1FB46BBC00E1AC44 /* sushimodel.mlmodel in Sources */ = {isa = PBXBuildFile; fileRef = 114445471FB4634C006159CA /* sushimodel.mlmodel */; };
		112B065F1FB46BC000E1AC44 /* sushi.mlmodel in Sources */ = {isa = PBXBuildFile; fileRef = 11DFEAA21FB45BBE0007F7A7 /* sushi.mlmodel */; };
		113DD1AA1F6A625D0098539B /* WawaSC-Regular.otf in Resources */ = {isa = PBXBuildFile; fileRef = 113DD1A91F6A625D0098539B /* WawaSC-Regular.otf */; };
		113DD1B11F6C38DB0098539B /* detailViewController.swift in Sources */ = {isa = PBXBuildFile; fileRef = 113DD1B01F6C38DB0098539B /* detailViewController.swift */; };
		118BDC401F6E9472006F026E /* sushis.swift in Sources */ = {isa = PBXBuildFile; fileRef = 118BDC3F1F6E9472006F026E /* sushis.swift */; };
		11ACE3A51F88B481005E9BA9 /* sushis.csv in Resources */ = {isa = PBXBuildFile; fileRef = 11ACE3A41F88B481005E9BA9 /* sushis.csv */; };
		11B781ED1F6057C6004832D7 /* AppDelegate.swift in Sources */ = {isa = PBXBuildFile; fileRef = 11B781EC1F6057C6004832D7 /* AppDelegate.swift */; };
		11B781EF1F6057C6004832D7 /* firstViewController.swift in Sources */ = {isa = PBXBuildFile; fileRef = 11B781EE1F6057C6004832D7 /* firstViewController.swift */; };
		11B781F21F6057C6004832D7 /* Main.storyboard in Resources */ = {isa = PBXBuildFile; fileRef = 11B781F01F6057C6004832D7 /* Main.storyboard */; };
		11B781F41F6057C6004832D7 /* Assets.xcassets in Resources */ = {isa = PBXBuildFile; fileRef = 11B781F31F6057C6004832D7 /* Assets.xcassets */; };
		11B781F71F6057C6004832D7 /* LaunchScreen.storyboard in Resources */ = {isa = PBXBuildFile; fileRef = 11B781F51F6057C6004832D7 /* LaunchScreen.storyboard */; };
		11B782021F6057C6004832D7 /* that_sushiTests.swift in Sources */ = {isa = PBXBuildFile; fileRef = 11B782011F6057C6004832D7 /* that_sushiTests.swift */; };
		11B7820D1F6057C6004832D7 /* that_sushiUITests.swift in Sources */ = {isa = PBXBuildFile; fileRef = 11B7820C1F6057C6004832D7 /* that_sushiUITests.swift */; };
		11FC7A9E1F664D8C00188B77 /* libraryViewController.swift in Sources */ = {isa = PBXBuildFile; fileRef = 11FC7A9D1F664D8C00188B77 /* libraryViewController.swift */; };
		11FC7AA01F6680E900188B77 /* resultViewController.swift in Sources */ = {isa = PBXBuildFile; fileRef = 11FC7A9F1F6680E900188B77 /* resultViewController.swift */; };
		742E77DC729AC992D6979F30 /* Pods_that_sushiUITests.framework in Frameworks */ = {isa = PBXBuildFile; fileRef = B9F806F0B4A580435AAF4378 /* Pods_that_sushiUITests.framework */; };
		C4005DE4A9648F567348D41B /* Pods_that_sushiTests.framework in Frameworks */ = {isa = PBXBuildFile; fileRef = 5B557C4E70E16D3905DC7097 /* Pods_that_sushiTests.framework */; };
		D6D3BE4467602F791F3E9003 /* Pods_that_sushi.framework in Frameworks */ = {isa = PBXBuildFile; fileRef = B87DB852C9AED367495ECACC /* Pods_that_sushi.framework */; };
/* End PBXBuildFile section */

/* Begin PBXContainerItemProxy section */
		11B781FE1F6057C6004832D7 /* PBXContainerItemProxy */ = {
			isa = PBXContainerItemProxy;
			containerPortal = 11B781E11F6057C6004832D7 /* Project object */;
			proxyType = 1;
			remoteGlobalIDString = 11B781E81F6057C6004832D7;
			remoteInfo = that_sushi;
		};
		11B782091F6057C6004832D7 /* PBXContainerItemProxy */ = {
			isa = PBXContainerItemProxy;
			containerPortal = 11B781E11F6057C6004832D7 /* Project object */;
			proxyType = 1;
			remoteGlobalIDString = 11B781E81F6057C6004832D7;
			remoteInfo = that_sushi;
		};
/* End PBXContainerItemProxy section */

/* Begin PBXFileReference section */
		113DD1A91F6A625D0098539B /* WawaSC-Regular.otf */ = {isa = PBXFileReference; lastKnownFileType = file; path = "WawaSC-Regular.otf"; sourceTree = "<group>"; };
		113DD1B01F6C38DB0098539B /* detailViewController.swift */ = {isa = PBXFileReference; fileEncoding = 4; lastKnownFileType = sourcecode.swift; path = detailViewController.swift; sourceTree = "<group>"; };
		114445471FB4634C006159CA /* sushimodel.mlmodel */ = {isa = PBXFileReference; lastKnownFileType = file.mlmodel; path = sushimodel.mlmodel; sourceTree = "<group>"; };
		114678AF1F653BCA003CC402 /* testcameraViewController.swift */ = {isa = PBXFileReference; fileEncoding = 4; lastKnownFileType = sourcecode.swift; path = testcameraViewController.swift; sourceTree = "<group>"; };
		118BDC3F1F6E9472006F026E /* sushis.swift */ = {isa = PBXFileReference; fileEncoding = 4; lastKnownFileType = sourcecode.swift; path = sushis.swift; sourceTree = "<group>"; };
		11ACE3A41F88B481005E9BA9 /* sushis.csv */ = {isa = PBXFileReference; fileEncoding = 4; lastKnownFileType = text; path = sushis.csv; sourceTree = "<group>"; };
		11ACE3A61F88C27A005E9BA9 /* that_sushi-Bridging-Header.h */ = {isa = PBXFileReference; fileEncoding = 4; lastKnownFileType = sourcecode.c.h; path = "that_sushi-Bridging-Header.h"; sourceTree = "<group>"; };
		11B781E91F6057C6004832D7 /* that_sushi.app */ = {isa = PBXFileReference; explicitFileType = wrapper.application; includeInIndex = 0; path = that_sushi.app; sourceTree = BUILT_PRODUCTS_DIR; };
		11B781EC1F6057C6004832D7 /* AppDelegate.swift */ = {isa = PBXFileReference; lastKnownFileType = sourcecode.swift; path = AppDelegate.swift; sourceTree = "<group>"; };
		11B781EE1F6057C6004832D7 /* firstViewController.swift */ = {isa = PBXFileReference; lastKnownFileType = sourcecode.swift; path = firstViewController.swift; sourceTree = "<group>"; };
		11B781F11F6057C6004832D7 /* Base */ = {isa = PBXFileReference; lastKnownFileType = file.storyboard; name = Base; path = Base.lproj/Main.storyboard; sourceTree = "<group>"; };
		11B781F31F6057C6004832D7 /* Assets.xcassets */ = {isa = PBXFileReference; lastKnownFileType = folder.assetcatalog; path = Assets.xcassets; sourceTree = "<group>"; };
		11B781F61F6057C6004832D7 /* Base */ = {isa = PBXFileReference; lastKnownFileType = file.storyboard; name = Base; path = Base.lproj/LaunchScreen.storyboard; sourceTree = "<group>"; };
		11B781F81F6057C6004832D7 /* Info.plist */ = {isa = PBXFileReference; lastKnownFileType = text.plist.xml; path = Info.plist; sourceTree = "<group>"; };
		11B781FD1F6057C6004832D7 /* that_sushiTests.xctest */ = {isa = PBXFileReference; explicitFileType = wrapper.cfbundle; includeInIndex = 0; path = that_sushiTests.xctest; sourceTree = BUILT_PRODUCTS_DIR; };
		11B782011F6057C6004832D7 /* that_sushiTests.swift */ = {isa = PBXFileReference; lastKnownFileType = sourcecode.swift; path = that_sushiTests.swift; sourceTree = "<group>"; };
		11B782031F6057C6004832D7 /* Info.plist */ = {isa = PBXFileReference; lastKnownFileType = text.plist.xml; path = Info.plist; sourceTree = "<group>"; };
		11B782081F6057C6004832D7 /* that_sushiUITests.xctest */ = {isa = PBXFileReference; explicitFileType = wrapper.cfbundle; includeInIndex = 0; path = that_sushiUITests.xctest; sourceTree = BUILT_PRODUCTS_DIR; };
		11B7820C1F6057C6004832D7 /* that_sushiUITests.swift */ = {isa = PBXFileReference; lastKnownFileType = sourcecode.swift; path = that_sushiUITests.swift; sourceTree = "<group>"; };
		11B7820E1F6057C6004832D7 /* Info.plist */ = {isa = PBXFileReference; lastKnownFileType = text.plist.xml; path = Info.plist; sourceTree = "<group>"; };
		11DFEAA21FB45BBE0007F7A7 /* sushi.mlmodel */ = {isa = PBXFileReference; lastKnownFileType = file.mlmodel; path = sushi.mlmodel; sourceTree = "<group>"; };
		11FC7A9D1F664D8C00188B77 /* libraryViewController.swift */ = {isa = PBXFileReference; fileEncoding = 4; lastKnownFileType = sourcecode.swift; path = libraryViewController.swift; sourceTree = "<group>"; };
		11FC7A9F1F6680E900188B77 /* resultViewController.swift */ = {isa = PBXFileReference; fileEncoding = 4; lastKnownFileType = sourcecode.swift; path = resultViewController.swift; sourceTree = "<group>"; };
		1BE0949560237F5A00867DFC /* Pods-that_sushiTests.debug.xcconfig */ = {isa = PBXFileReference; includeInIndex = 1; lastKnownFileType = text.xcconfig; name = "Pods-that_sushiTests.debug.xcconfig"; path = "Pods/Target Support Files/Pods-that_sushiTests/Pods-that_sushiTests.debug.xcconfig"; sourceTree = "<group>"; };
		49E7220B56B6D8BDA1328324 /* Pods-that_sushiUITests.release.xcconfig */ = {isa = PBXFileReference; includeInIndex = 1; lastKnownFileType = text.xcconfig; name = "Pods-that_sushiUITests.release.xcconfig"; path = "Pods/Target Support Files/Pods-that_sushiUITests/Pods-that_sushiUITests.release.xcconfig"; sourceTree = "<group>"; };
		5219926133023DF6CBE8BBBB /* Pods-that_sushiUITests.debug.xcconfig */ = {isa = PBXFileReference; includeInIndex = 1; lastKnownFileType = text.xcconfig; name = "Pods-that_sushiUITests.debug.xcconfig"; path = "Pods/Target Support Files/Pods-that_sushiUITests/Pods-that_sushiUITests.debug.xcconfig"; sourceTree = "<group>"; };
		5B557C4E70E16D3905DC7097 /* Pods_that_sushiTests.framework */ = {isa = PBXFileReference; explicitFileType = wrapper.framework; includeInIndex = 0; path = Pods_that_sushiTests.framework; sourceTree = BUILT_PRODUCTS_DIR; };
		95CDF2D64DF327974B66C65F /* Pods-that_sushi.debug.xcconfig */ = {isa = PBXFileReference; includeInIndex = 1; lastKnownFileType = text.xcconfig; name = "Pods-that_sushi.debug.xcconfig"; path = "Pods/Target Support Files/Pods-that_sushi/Pods-that_sushi.debug.xcconfig"; sourceTree = "<group>"; };
		B87DB852C9AED367495ECACC /* Pods_that_sushi.framework */ = {isa = PBXFileReference; explicitFileType = wrapper.framework; includeInIndex = 0; path = Pods_that_sushi.framework; sourceTree = BUILT_PRODUCTS_DIR; };
		B9F806F0B4A580435AAF4378 /* Pods_that_sushiUITests.framework */ = {isa = PBXFileReference; explicitFileType = wrapper.framework; includeInIndex = 0; path = Pods_that_sushiUITests.framework; sourceTree = BUILT_PRODUCTS_DIR; };
		CD7D9653C0FE4CBC9A786AEB /* Pods-that_sushiTests.release.xcconfig */ = {isa = PBXFileReference; includeInIndex = 1; lastKnownFileType = text.xcconfig; name = "Pods-that_sushiTests.release.xcconfig"; path = "Pods/Target Support Files/Pods-that_sushiTests/Pods-that_sushiTests.release.xcconfig"; sourceTree = "<group>"; };
		EAA2A6AD86A4D2C1D8F975F9 /* Pods-that_sushi.release.xcconfig */ = {isa = PBXFileReference; includeInIndex = 1; lastKnownFileType = text.xcconfig; name = "Pods-that_sushi.release.xcconfig"; path = "Pods/Target Support Files/Pods-that_sushi/Pods-that_sushi.release.xcconfig"; sourceTree = "<group>"; };
/* End PBXFileReference section */

/* Begin PBXFrameworksBuildPhase section */
		11B781E61F6057C6004832D7 /* Frameworks */ = {
			isa = PBXFrameworksBuildPhase;
			buildActionMask = 2147483647;
			files = (
				D6D3BE4467602F791F3E9003 /* Pods_that_sushi.framework in Frameworks */,
			);
			runOnlyForDeploymentPostprocessing = 0;
		};
		11B781FA1F6057C6004832D7 /* Frameworks */ = {
			isa = PBXFrameworksBuildPhase;
			buildActionMask = 2147483647;
			files = (
				C4005DE4A9648F567348D41B /* Pods_that_sushiTests.framework in Frameworks */,
			);
			runOnlyForDeploymentPostprocessing = 0;
		};
		11B782051F6057C6004832D7 /* Frameworks */ = {
			isa = PBXFrameworksBuildPhase;
			buildActionMask = 2147483647;
			files = (
				742E77DC729AC992D6979F30 /* Pods_that_sushiUITests.framework in Frameworks */,
			);
			runOnlyForDeploymentPostprocessing = 0;
		};
/* End PBXFrameworksBuildPhase section */

/* Begin PBXGroup section */
		113DD1A81F6A61400098539B /* font */ = {
			isa = PBXGroup;
			children = (
				113DD1A91F6A625D0098539B /* WawaSC-Regular.otf */,
			);
			name = font;
			sourceTree = "<group>";
		};
		11B781E01F6057C6004832D7 = {
			isa = PBXGroup;
			children = (
				11B781EB1F6057C6004832D7 /* that_sushi */,
				11B782001F6057C6004832D7 /* that_sushiTests */,
				11B7820B1F6057C6004832D7 /* that_sushiUITests */,
				11B781EA1F6057C6004832D7 /* Products */,
				FA1FD6AF91CB89B61CD04AB4 /* Pods */,
				F4459D5F52C87AB80D5E7C50 /* Frameworks */,
			);
			sourceTree = "<group>";
		};
		11B781EA1F6057C6004832D7 /* Products */ = {
			isa = PBXGroup;
			children = (
				11B781E91F6057C6004832D7 /* that_sushi.app */,
				11B781FD1F6057C6004832D7 /* that_sushiTests.xctest */,
				11B782081F6057C6004832D7 /* that_sushiUITests.xctest */,
			);
			name = Products;
			sourceTree = "<group>";
		};
		11B781EB1F6057C6004832D7 /* that_sushi */ = {
			isa = PBXGroup;
			children = (
				11DFEAA21FB45BBE0007F7A7 /* sushi.mlmodel */,
				114445471FB4634C006159CA /* sushimodel.mlmodel */,
				11ACE3A61F88C27A005E9BA9 /* that_sushi-Bridging-Header.h */,
				113DD1A81F6A61400098539B /* font */,
				11B781EC1F6057C6004832D7 /* AppDelegate.swift */,
				11B781EE1F6057C6004832D7 /* firstViewController.swift */,
				11ACE3A41F88B481005E9BA9 /* sushis.csv */,
				11FC7A9F1F6680E900188B77 /* resultViewController.swift */,
				113DD1B01F6C38DB0098539B /* detailViewController.swift */,
				11B781F01F6057C6004832D7 /* Main.storyboard */,
				11FC7A9D1F664D8C00188B77 /* libraryViewController.swift */,
				114678AF1F653BCA003CC402 /* testcameraViewController.swift */,
				118BDC3F1F6E9472006F026E /* sushis.swift */,
				11B781F31F6057C6004832D7 /* Assets.xcassets */,
				11B781F51F6057C6004832D7 /* LaunchScreen.storyboard */,
				11B781F81F6057C6004832D7 /* Info.plist */,
			);
			path = that_sushi;
			sourceTree = "<group>";
		};
		11B782001F6057C6004832D7 /* that_sushiTests */ = {
			isa = PBXGroup;
			children = (
				11B782011F6057C6004832D7 /* that_sushiTests.swift */,
				11B782031F6057C6004832D7 /* Info.plist */,
			);
			path = that_sushiTests;
			sourceTree = "<group>";
		};
		11B7820B1F6057C6004832D7 /* that_sushiUITests */ = {
			isa = PBXGroup;
			children = (
				11B7820C1F6057C6004832D7 /* that_sushiUITests.swift */,
				11B7820E1F6057C6004832D7 /* Info.plist */,
			);
			path = that_sushiUITests;
			sourceTree = "<group>";
		};
		F4459D5F52C87AB80D5E7C50 /* Frameworks */ = {
			isa = PBXGroup;
			children = (
				B87DB852C9AED367495ECACC /* Pods_that_sushi.framework */,
				5B557C4E70E16D3905DC7097 /* Pods_that_sushiTests.framework */,
				B9F806F0B4A580435AAF4378 /* Pods_that_sushiUITests.framework */,
			);
			name = Frameworks;
			sourceTree = "<group>";
		};
		FA1FD6AF91CB89B61CD04AB4 /* Pods */ = {
			isa = PBXGroup;
			children = (
				95CDF2D64DF327974B66C65F /* Pods-that_sushi.debug.xcconfig */,
				EAA2A6AD86A4D2C1D8F975F9 /* Pods-that_sushi.release.xcconfig */,
				1BE0949560237F5A00867DFC /* Pods-that_sushiTests.debug.xcconfig */,
				CD7D9653C0FE4CBC9A786AEB /* Pods-that_sushiTests.release.xcconfig */,
				5219926133023DF6CBE8BBBB /* Pods-that_sushiUITests.debug.xcconfig */,
				49E7220B56B6D8BDA1328324 /* Pods-that_sushiUITests.release.xcconfig */,
			);
			name = Pods;
			sourceTree = "<group>";
		};
/* End PBXGroup section */

/* Begin PBXNativeTarget section */
		11B781E81F6057C6004832D7 /* that_sushi */ = {
			isa = PBXNativeTarget;
			buildConfigurationList = 11B782111F6057C6004832D7 /* Build configuration list for PBXNativeTarget "that_sushi" */;
			buildPhases = (
				1516DB8AA75A693A7B1082FE /* [CP] Check Pods Manifest.lock */,
				11B781E51F6057C6004832D7 /* Sources */,
				11B781E61F6057C6004832D7 /* Frameworks */,
				11B781E71F6057C6004832D7 /* Resources */,
				59C23B1BA8FA16AC752AA9CE /* [CP] Embed Pods Frameworks */,
				D8861868A5D6B3351B7961BB /* [CP] Copy Pods Resources */,
			);
			buildRules = (
			);
			dependencies = (
			);
			name = that_sushi;
			productName = that_sushi;
			productReference = 11B781E91F6057C6004832D7 /* that_sushi.app */;
			productType = "com.apple.product-type.application";
		};
		11B781FC1F6057C6004832D7 /* that_sushiTests */ = {
			isa = PBXNativeTarget;
			buildConfigurationList = 11B782141F6057C6004832D7 /* Build configuration list for PBXNativeTarget "that_sushiTests" */;
			buildPhases = (
				7533CD265277C7BD18D434F5 /* [CP] Check Pods Manifest.lock */,
				11B781F91F6057C6004832D7 /* Sources */,
				11B781FA1F6057C6004832D7 /* Frameworks */,
				11B781FB1F6057C6004832D7 /* Resources */,
				973E19E66B8770D10F4C33FA /* [CP] Embed Pods Frameworks */,
				F57D50CE03A7253021E5C947 /* [CP] Copy Pods Resources */,
			);
			buildRules = (
			);
			dependencies = (
				11B781FF1F6057C6004832D7 /* PBXTargetDependency */,
			);
			name = that_sushiTests;
			productName = that_sushiTests;
			productReference = 11B781FD1F6057C6004832D7 /* that_sushiTests.xctest */;
			productType = "com.apple.product-type.bundle.unit-test";
		};
		11B782071F6057C6004832D7 /* that_sushiUITests */ = {
			isa = PBXNativeTarget;
			buildConfigurationList = 11B782171F6057C6004832D7 /* Build configuration list for PBXNativeTarget "that_sushiUITests" */;
			buildPhases = (
				816A93F8C0B8713D7D0C36F0 /* [CP] Check Pods Manifest.lock */,
				11B782041F6057C6004832D7 /* Sources */,
				11B782051F6057C6004832D7 /* Frameworks */,
				11B782061F6057C6004832D7 /* Resources */,
				E90B805D3E49CA805FD3D6F7 /* [CP] Embed Pods Frameworks */,
				03AC0A4E179191A62D711663 /* [CP] Copy Pods Resources */,
			);
			buildRules = (
			);
			dependencies = (
				11B7820A1F6057C6004832D7 /* PBXTargetDependency */,
			);
			name = that_sushiUITests;
			productName = that_sushiUITests;
			productReference = 11B782081F6057C6004832D7 /* that_sushiUITests.xctest */;
			productType = "com.apple.product-type.bundle.ui-testing";
		};
/* End PBXNativeTarget section */

/* Begin PBXProject section */
		11B781E11F6057C6004832D7 /* Project object */ = {
			isa = PBXProject;
			attributes = {
				LastSwiftUpdateCheck = 0830;
				LastUpgradeCheck = 0900;
				ORGANIZATIONNAME = "小西篤志";
				TargetAttributes = {
					11B781E81F6057C6004832D7 = {
						CreatedOnToolsVersion = 8.3.3;
						DevelopmentTeam = 3MTZVUAQ6V;
						LastSwiftMigration = 0830;
						ProvisioningStyle = Automatic;
					};
					11B781FC1F6057C6004832D7 = {
						CreatedOnToolsVersion = 8.3.3;
						ProvisioningStyle = Automatic;
						TestTargetID = 11B781E81F6057C6004832D7;
					};
					11B782071F6057C6004832D7 = {
						CreatedOnToolsVersion = 8.3.3;
						ProvisioningStyle = Automatic;
						TestTargetID = 11B781E81F6057C6004832D7;
					};
				};
			};
			buildConfigurationList = 11B781E41F6057C6004832D7 /* Build configuration list for PBXProject "that_sushi" */;
			compatibilityVersion = "Xcode 3.2";
			developmentRegion = English;
			hasScannedForEncodings = 0;
			knownRegions = (
				en,
				Base,
			);
			mainGroup = 11B781E01F6057C6004832D7;
			productRefGroup = 11B781EA1F6057C6004832D7 /* Products */;
			projectDirPath = "";
			projectRoot = "";
			targets = (
				11B781E81F6057C6004832D7 /* that_sushi */,
				11B781FC1F6057C6004832D7 /* that_sushiTests */,
				11B782071F6057C6004832D7 /* that_sushiUITests */,
			);
		};
/* End PBXProject section */

/* Begin PBXResourcesBuildPhase section */
		11B781E71F6057C6004832D7 /* Resources */ = {
			isa = PBXResourcesBuildPhase;
			buildActionMask = 2147483647;
			files = (
				11B781F71F6057C6004832D7 /* LaunchScreen.storyboard in Resources */,
				11B781F41F6057C6004832D7 /* Assets.xcassets in Resources */,
				11ACE3A51F88B481005E9BA9 /* sushis.csv in Resources */,
				113DD1AA1F6A625D0098539B /* WawaSC-Regular.otf in Resources */,
				11B781F21F6057C6004832D7 /* Main.storyboard in Resources */,
			);
			runOnlyForDeploymentPostprocessing = 0;
		};
		11B781FB1F6057C6004832D7 /* Resources */ = {
			isa = PBXResourcesBuildPhase;
			buildActionMask = 2147483647;
			files = (
			);
			runOnlyForDeploymentPostprocessing = 0;
		};
		11B782061F6057C6004832D7 /* Resources */ = {
			isa = PBXResourcesBuildPhase;
			buildActionMask = 2147483647;
			files = (
			);
			runOnlyForDeploymentPostprocessing = 0;
		};
/* End PBXResourcesBuildPhase section */

/* Begin PBXShellScriptBuildPhase section */
		03AC0A4E179191A62D711663 /* [CP] Copy Pods Resources */ = {
			isa = PBXShellScriptBuildPhase;
			buildActionMask = 2147483647;
			files = (
			);
			inputPaths = (
			);
			name = "[CP] Copy Pods Resources";
			outputPaths = (
			);
			runOnlyForDeploymentPostprocessing = 0;
			shellPath = /bin/sh;
			shellScript = "\"${SRCROOT}/Pods/Target Support Files/Pods-that_sushiUITests/Pods-that_sushiUITests-resources.sh\"\n";
			showEnvVarsInLog = 0;
		};
		1516DB8AA75A693A7B1082FE /* [CP] Check Pods Manifest.lock */ = {
			isa = PBXShellScriptBuildPhase;
			buildActionMask = 2147483647;
			files = (
			);
			inputPaths = (
			);
			name = "[CP] Check Pods Manifest.lock";
			outputPaths = (
			);
			runOnlyForDeploymentPostprocessing = 0;
			shellPath = /bin/sh;
			shellScript = "diff \"${PODS_PODFILE_DIR_PATH}/Podfile.lock\" \"${PODS_ROOT}/Manifest.lock\" > /dev/null\nif [ $? != 0 ] ; then\n    # print error to STDERR\n    echo \"error: The sandbox is not in sync with the Podfile.lock. Run 'pod install' or update your CocoaPods installation.\" >&2\n    exit 1\nfi\n";
			showEnvVarsInLog = 0;
		};
		59C23B1BA8FA16AC752AA9CE /* [CP] Embed Pods Frameworks */ = {
			isa = PBXShellScriptBuildPhase;
			buildActionMask = 2147483647;
			files = (
			);
			inputPaths = (
			);
			name = "[CP] Embed Pods Frameworks";
			outputPaths = (
			);
			runOnlyForDeploymentPostprocessing = 0;
			shellPath = /bin/sh;
			shellScript = "\"${SRCROOT}/Pods/Target Support Files/Pods-that_sushi/Pods-that_sushi-frameworks.sh\"\n";
			showEnvVarsInLog = 0;
		};
		7533CD265277C7BD18D434F5 /* [CP] Check Pods Manifest.lock */ = {
			isa = PBXShellScriptBuildPhase;
			buildActionMask = 2147483647;
			files = (
			);
			inputPaths = (
			);
			name = "[CP] Check Pods Manifest.lock";
			outputPaths = (
			);
			runOnlyForDeploymentPostprocessing = 0;
			shellPath = /bin/sh;
			shellScript = "diff \"${PODS_PODFILE_DIR_PATH}/Podfile.lock\" \"${PODS_ROOT}/Manifest.lock\" > /dev/null\nif [ $? != 0 ] ; then\n    # print error to STDERR\n    echo \"error: The sandbox is not in sync with the Podfile.lock. Run 'pod install' or update your CocoaPods installation.\" >&2\n    exit 1\nfi\n";
			showEnvVarsInLog = 0;
		};
		816A93F8C0B8713D7D0C36F0 /* [CP] Check Pods Manifest.lock */ = {
			isa = PBXShellScriptBuildPhase;
			buildActionMask = 2147483647;
			files = (
			);
			inputPaths = (
			);
			name = "[CP] Check Pods Manifest.lock";
			outputPaths = (
			);
			runOnlyForDeploymentPostprocessing = 0;
			shellPath = /bin/sh;
			shellScript = "diff \"${PODS_PODFILE_DIR_PATH}/Podfile.lock\" \"${PODS_ROOT}/Manifest.lock\" > /dev/null\nif [ $? != 0 ] ; then\n    # print error to STDERR\n    echo \"error: The sandbox is not in sync with the Podfile.lock. Run 'pod install' or update your CocoaPods installation.\" >&2\n    exit 1\nfi\n";
			showEnvVarsInLog = 0;
		};
		973E19E66B8770D10F4C33FA /* [CP] Embed Pods Frameworks */ = {
			isa = PBXShellScriptBuildPhase;
			buildActionMask = 2147483647;
			files = (
			);
			inputPaths = (
			);
			name = "[CP] Embed Pods Frameworks";
			outputPaths = (
			);
			runOnlyForDeploymentPostprocessing = 0;
			shellPath = /bin/sh;
			shellScript = "\"${SRCROOT}/Pods/Target Support Files/Pods-that_sushiTests/Pods-that_sushiTests-frameworks.sh\"\n";
			showEnvVarsInLog = 0;
		};
		D8861868A5D6B3351B7961BB /* [CP] Copy Pods Resources */ = {
			isa = PBXShellScriptBuildPhase;
			buildActionMask = 2147483647;
			files = (
			);
			inputPaths = (
			);
			name = "[CP] Copy Pods Resources";
			outputPaths = (
			);
			runOnlyForDeploymentPostprocessing = 0;
			shellPath = /bin/sh;
			shellScript = "\"${SRCROOT}/Pods/Target Support Files/Pods-that_sushi/Pods-that_sushi-resources.sh\"\n";
			showEnvVarsInLog = 0;
		};
		E90B805D3E49CA805FD3D6F7 /* [CP] Embed Pods Frameworks */ = {
			isa = PBXShellScriptBuildPhase;
			buildActionMask = 2147483647;
			files = (
			);
			inputPaths = (
			);
			name = "[CP] Embed Pods Frameworks";
			outputPaths = (
			);
			runOnlyForDeploymentPostprocessing = 0;
			shellPath = /bin/sh;
			shellScript = "\"${SRCROOT}/Pods/Target Support Files/Pods-that_sushiUITests/Pods-that_sushiUITests-frameworks.sh\"\n";
			showEnvVarsInLog = 0;
		};
		F57D50CE03A7253021E5C947 /* [CP] Copy Pods Resources */ = {
			isa = PBXShellScriptBuildPhase;
			buildActionMask = 2147483647;
			files = (
			);
			inputPaths = (
			);
			name = "[CP] Copy Pods Resources";
			outputPaths = (
			);
			runOnlyForDeploymentPostprocessing = 0;
			shellPath = /bin/sh;
			shellScript = "\"${SRCROOT}/Pods/Target Support Files/Pods-that_sushiTests/Pods-that_sushiTests-resources.sh\"\n";
			showEnvVarsInLog = 0;
		};
/* End PBXShellScriptBuildPhase section */

/* Begin PBXSourcesBuildPhase section */
		11B781E51F6057C6004832D7 /* Sources */ = {
			isa = PBXSourcesBuildPhase;
			buildActionMask = 2147483647;
			files = (
				11FC7AA01F6680E900188B77 /* resultViewController.swift in Sources */,
				112B065D1FB46BB500E1AC44 /* testcameraViewController.swift in Sources */,
				11B781EF1F6057C6004832D7 /* firstViewController.swift in Sources */,
				11FC7A9E1F664D8C00188B77 /* libraryViewController.swift in Sources */,
				118BDC401F6E9472006F026E /* sushis.swift in Sources */,
				112B065F1FB46BC000E1AC44 /* sushi.mlmodel in Sources */,
				11B781ED1F6057C6004832D7 /* AppDelegate.swift in Sources */,
				113DD1B11F6C38DB0098539B /* detailViewController.swift in Sources */,
				112B065E1FB46BBC00E1AC44 /* sushimodel.mlmodel in Sources */,
			);
			runOnlyForDeploymentPostprocessing = 0;
		};
		11B781F91F6057C6004832D7 /* Sources */ = {
			isa = PBXSourcesBuildPhase;
			buildActionMask = 2147483647;
			files = (
				11B782021F6057C6004832D7 /* that_sushiTests.swift in Sources */,
			);
			runOnlyForDeploymentPostprocessing = 0;
		};
		11B782041F6057C6004832D7 /* Sources */ = {
			isa = PBXSourcesBuildPhase;
			buildActionMask = 2147483647;
			files = (
				11B7820D1F6057C6004832D7 /* that_sushiUITests.swift in Sources */,
			);
			runOnlyForDeploymentPostprocessing = 0;
		};
/* End PBXSourcesBuildPhase section */

/* Begin PBXTargetDependency section */
		11B781FF1F6057C6004832D7 /* PBXTargetDependency */ = {
			isa = PBXTargetDependency;
			target = 11B781E81F6057C6004832D7 /* that_sushi */;
			targetProxy = 11B781FE1F6057C6004832D7 /* PBXContainerItemProxy */;
		};
		11B7820A1F6057C6004832D7 /* PBXTargetDependency */ = {
			isa = PBXTargetDependency;
			target = 11B781E81F6057C6004832D7 /* that_sushi */;
			targetProxy = 11B782091F6057C6004832D7 /* PBXContainerItemProxy */;
		};
/* End PBXTargetDependency section */

/* Begin PBXVariantGroup section */
		11B781F01F6057C6004832D7 /* Main.storyboard */ = {
			isa = PBXVariantGroup;
			children = (
				11B781F11F6057C6004832D7 /* Base */,
			);
			name = Main.storyboard;
			sourceTree = "<group>";
		};
		11B781F51F6057C6004832D7 /* LaunchScreen.storyboard */ = {
			isa = PBXVariantGroup;
			children = (
				11B781F61F6057C6004832D7 /* Base */,
			);
			name = LaunchScreen.storyboard;
			sourceTree = "<group>";
		};
/* End PBXVariantGroup section */

/* Begin XCBuildConfiguration section */
		11B7820F1F6057C6004832D7 /* Debug */ = {
			isa = XCBuildConfiguration;
			buildSettings = {
				ALWAYS_SEARCH_USER_PATHS = NO;
				CLANG_ANALYZER_NONNULL = YES;
				CLANG_ANALYZER_NUMBER_OBJECT_CONVERSION = YES_AGGRESSIVE;
				CLANG_CXX_LANGUAGE_STANDARD = "gnu++0x";
				CLANG_CXX_LIBRARY = "libc++";
				CLANG_ENABLE_MODULES = YES;
				CLANG_ENABLE_OBJC_ARC = YES;
				CLANG_WARN_BLOCK_CAPTURE_AUTORELEASING = YES;
				CLANG_WARN_BOOL_CONVERSION = YES;
				CLANG_WARN_COMMA = YES;
				CLANG_WARN_CONSTANT_CONVERSION = YES;
				CLANG_WARN_DIRECT_OBJC_ISA_USAGE = YES_ERROR;
				CLANG_WARN_DOCUMENTATION_COMMENTS = YES;
				CLANG_WARN_EMPTY_BODY = YES;
				CLANG_WARN_ENUM_CONVERSION = YES;
				CLANG_WARN_INFINITE_RECURSION = YES;
				CLANG_WARN_INT_CONVERSION = YES;
				CLANG_WARN_NON_LITERAL_NULL_CONVERSION = YES;
				CLANG_WARN_OBJC_LITERAL_CONVERSION = YES;
				CLANG_WARN_OBJC_ROOT_CLASS = YES_ERROR;
				CLANG_WARN_RANGE_LOOP_ANALYSIS = YES;
				CLANG_WARN_STRICT_PROTOTYPES = YES;
				CLANG_WARN_SUSPICIOUS_MOVE = YES;
				CLANG_WARN_UNREACHABLE_CODE = YES;
				CLANG_WARN__DUPLICATE_METHOD_MATCH = YES;
				"CODE_SIGN_IDENTITY[sdk=iphoneos*]" = "iPhone Developer";
				COPY_PHASE_STRIP = NO;
				DEBUG_INFORMATION_FORMAT = dwarf;
				ENABLE_STRICT_OBJC_MSGSEND = YES;
				ENABLE_TESTABILITY = YES;
				GCC_C_LANGUAGE_STANDARD = gnu99;
				GCC_DYNAMIC_NO_PIC = NO;
				GCC_NO_COMMON_BLOCKS = YES;
				GCC_OPTIMIZATION_LEVEL = 0;
				GCC_PREPROCESSOR_DEFINITIONS = (
					"DEBUG=1",
					"$(inherited)",
				);
				GCC_WARN_64_TO_32_BIT_CONVERSION = YES;
				GCC_WARN_ABOUT_RETURN_TYPE = YES_ERROR;
				GCC_WARN_UNDECLARED_SELECTOR = YES;
				GCC_WARN_UNINITIALIZED_AUTOS = YES_AGGRESSIVE;
				GCC_WARN_UNUSED_FUNCTION = YES;
				GCC_WARN_UNUSED_VARIABLE = YES;
				IPHONEOS_DEPLOYMENT_TARGET = 10.3;
				MTL_ENABLE_DEBUG_INFO = YES;
				ONLY_ACTIVE_ARCH = YES;
				SDKROOT = iphoneos;
				SWIFT_ACTIVE_COMPILATION_CONDITIONS = DEBUG;
				SWIFT_OPTIMIZATION_LEVEL = "-Onone";
			};
			name = Debug;
		};
		11B782101F6057C6004832D7 /* Release */ = {
			isa = XCBuildConfiguration;
			buildSettings = {
				ALWAYS_SEARCH_USER_PATHS = NO;
				CLANG_ANALYZER_NONNULL = YES;
				CLANG_ANALYZER_NUMBER_OBJECT_CONVERSION = YES_AGGRESSIVE;
				CLANG_CXX_LANGUAGE_STANDARD = "gnu++0x";
				CLANG_CXX_LIBRARY = "libc++";
				CLANG_ENABLE_MODULES = YES;
				CLANG_ENABLE_OBJC_ARC = YES;
				CLANG_WARN_BLOCK_CAPTURE_AUTORELEASING = YES;
				CLANG_WARN_BOOL_CONVERSION = YES;
				CLANG_WARN_COMMA = YES;
				CLANG_WARN_CONSTANT_CONVERSION = YES;
				CLANG_WARN_DIRECT_OBJC_ISA_USAGE = YES_ERROR;
				CLANG_WARN_DOCUMENTATION_COMMENTS = YES;
				CLANG_WARN_EMPTY_BODY = YES;
				CLANG_WARN_ENUM_CONVERSION = YES;
				CLANG_WARN_INFINITE_RECURSION = YES;
				CLANG_WARN_INT_CONVERSION = YES;
				CLANG_WARN_NON_LITERAL_NULL_CONVERSION = YES;
				CLANG_WARN_OBJC_LITERAL_CONVERSION = YES;
				CLANG_WARN_OBJC_ROOT_CLASS = YES_ERROR;
				CLANG_WARN_RANGE_LOOP_ANALYSIS = YES;
				CLANG_WARN_STRICT_PROTOTYPES = YES;
				CLANG_WARN_SUSPICIOUS_MOVE = YES;
				CLANG_WARN_UNREACHABLE_CODE = YES;
				CLANG_WARN__DUPLICATE_METHOD_MATCH = YES;
				"CODE_SIGN_IDENTITY[sdk=iphoneos*]" = "iPhone Developer";
				COPY_PHASE_STRIP = NO;
				DEBUG_INFORMATION_FORMAT = "dwarf-with-dsym";
				ENABLE_NS_ASSERTIONS = NO;
				ENABLE_STRICT_OBJC_MSGSEND = YES;
				GCC_C_LANGUAGE_STANDARD = gnu99;
				GCC_NO_COMMON_BLOCKS = YES;
				GCC_WARN_64_TO_32_BIT_CONVERSION = YES;
				GCC_WARN_ABOUT_RETURN_TYPE = YES_ERROR;
				GCC_WARN_UNDECLARED_SELECTOR = YES;
				GCC_WARN_UNINITIALIZED_AUTOS = YES_AGGRESSIVE;
				GCC_WARN_UNUSED_FUNCTION = YES;
				GCC_WARN_UNUSED_VARIABLE = YES;
				IPHONEOS_DEPLOYMENT_TARGET = 10.3;
				MTL_ENABLE_DEBUG_INFO = NO;
				SDKROOT = iphoneos;
				SWIFT_OPTIMIZATION_LEVEL = "-Owholemodule";
				VALIDATE_PRODUCT = YES;
			};
			name = Release;
		};
		11B782121F6057C6004832D7 /* Debug */ = {
			isa = XCBuildConfiguration;
			baseConfigurationReference = 95CDF2D64DF327974B66C65F /* Pods-that_sushi.debug.xcconfig */;
			buildSettings = {
				ASSETCATALOG_COMPILER_APPICON_NAME = AppIcon;
				CLANG_ENABLE_MODULES = YES;
				DEVELOPMENT_TEAM = 3MTZVUAQ6V;
				INFOPLIST_FILE = that_sushi/Info.plist;
				LD_RUNPATH_SEARCH_PATHS = "$(inherited) @executable_path/Frameworks";
				PRODUCT_BUNDLE_IDENTIFIER = "jp.domain.that-sushi";
				PRODUCT_NAME = "$(TARGET_NAME)";
				SWIFT_OBJC_BRIDGING_HEADER = "that_sushi/that_sushi-Bridging-Header.h";
				SWIFT_OPTIMIZATION_LEVEL = "-Onone";
				SWIFT_VERSION = 3.0;
			};
			name = Debug;
		};
		11B782131F6057C6004832D7 /* Release */ = {
			isa = XCBuildConfiguration;
			baseConfigurationReference = EAA2A6AD86A4D2C1D8F975F9 /* Pods-that_sushi.release.xcconfig */;
			buildSettings = {
				ASSETCATALOG_COMPILER_APPICON_NAME = AppIcon;
				CLANG_ENABLE_MODULES = YES;
				DEVELOPMENT_TEAM = 3MTZVUAQ6V;
				INFOPLIST_FILE = that_sushi/Info.plist;
				LD_RUNPATH_SEARCH_PATHS = "$(inherited) @executable_path/Frameworks";
				PRODUCT_BUNDLE_IDENTIFIER = "jp.domain.that-sushi";
				PRODUCT_NAME = "$(TARGET_NAME)";
				SWIFT_OBJC_BRIDGING_HEADER = "that_sushi/that_sushi-Bridging-Header.h";
				SWIFT_VERSION = 3.0;
			};
			name = Release;
		};
		11B782151F6057C6004832D7 /* Debug */ = {
			isa = XCBuildConfiguration;
			baseConfigurationReference = 1BE0949560237F5A00867DFC /* Pods-that_sushiTests.debug.xcconfig */;
			buildSettings = {
				ALWAYS_EMBED_SWIFT_STANDARD_LIBRARIES = YES;
				BUNDLE_LOADER = "$(TEST_HOST)";
				INFOPLIST_FILE = that_sushiTests/Info.plist;
				LD_RUNPATH_SEARCH_PATHS = "$(inherited) @executable_path/Frameworks @loader_path/Frameworks";
				PRODUCT_BUNDLE_IDENTIFIER = "jp.domain.that-sushiTests";
				PRODUCT_NAME = "$(TARGET_NAME)";
				SWIFT_VERSION = 3.0;
				TEST_HOST = "$(BUILT_PRODUCTS_DIR)/that_sushi.app/that_sushi";
			};
			name = Debug;
		};
		11B782161F6057C6004832D7 /* Release */ = {
			isa = XCBuildConfiguration;
			baseConfigurationReference = CD7D9653C0FE4CBC9A786AEB /* Pods-that_sushiTests.release.xcconfig */;
			buildSettings = {
				ALWAYS_EMBED_SWIFT_STANDARD_LIBRARIES = YES;
				BUNDLE_LOADER = "$(TEST_HOST)";
				INFOPLIST_FILE = that_sushiTests/Info.plist;
				LD_RUNPATH_SEARCH_PATHS = "$(inherited) @executable_path/Frameworks @loader_path/Frameworks";
				PRODUCT_BUNDLE_IDENTIFIER = "jp.domain.that-sushiTests";
				PRODUCT_NAME = "$(TARGET_NAME)";
				SWIFT_VERSION = 3.0;
				TEST_HOST = "$(BUILT_PRODUCTS_DIR)/that_sushi.app/that_sushi";
			};
			name = Release;
		};
		11B782181F6057C6004832D7 /* Debug */ = {
			isa = XCBuildConfiguration;
			baseConfigurationReference = 5219926133023DF6CBE8BBBB /* Pods-that_sushiUITests.debug.xcconfig */;
			buildSettings = {
				ALWAYS_EMBED_SWIFT_STANDARD_LIBRARIES = YES;
				INFOPLIST_FILE = that_sushiUITests/Info.plist;
				LD_RUNPATH_SEARCH_PATHS = "$(inherited) @executable_path/Frameworks @loader_path/Frameworks";
				PRODUCT_BUNDLE_IDENTIFIER = "jp.domain.that-sushiUITests";
				PRODUCT_NAME = "$(TARGET_NAME)";
				SWIFT_VERSION = 3.0;
				TEST_TARGET_NAME = that_sushi;
			};
			name = Debug;
		};
		11B782191F6057C6004832D7 /* Release */ = {
			isa = XCBuildConfiguration;
			baseConfigurationReference = 49E7220B56B6D8BDA1328324 /* Pods-that_sushiUITests.release.xcconfig */;
			buildSettings = {
				ALWAYS_EMBED_SWIFT_STANDARD_LIBRARIES = YES;
				INFOPLIST_FILE = that_sushiUITests/Info.plist;
				LD_RUNPATH_SEARCH_PATHS = "$(inherited) @executable_path/Frameworks @loader_path/Frameworks";
				PRODUCT_BUNDLE_IDENTIFIER = "jp.domain.that-sushiUITests";
				PRODUCT_NAME = "$(TARGET_NAME)";
				SWIFT_VERSION = 3.0;
				TEST_TARGET_NAME = that_sushi;
			};
			name = Release;
		};
/* End XCBuildConfiguration section */

/* Begin XCConfigurationList section */
		11B781E41F6057C6004832D7 /* Build configuration list for PBXProject "that_sushi" */ = {
			isa = XCConfigurationList;
			buildConfigurations = (
				11B7820F1F6057C6004832D7 /* Debug */,
				11B782101F6057C6004832D7 /* Release */,
			);
			defaultConfigurationIsVisible = 0;
			defaultConfigurationName = Release;
		};
		11B782111F6057C6004832D7 /* Build configuration list for PBXNativeTarget "that_sushi" */ = {
			isa = XCConfigurationList;
			buildConfigurations = (
				11B782121F6057C6004832D7 /* Debug */,
				11B782131F6057C6004832D7 /* Release */,
			);
			defaultConfigurationIsVisible = 0;
			defaultConfigurationName = Release;
		};
		11B782141F6057C6004832D7 /* Build configuration list for PBXNativeTarget "that_sushiTests" */ = {
			isa = XCConfigurationList;
			buildConfigurations = (
				11B782151F6057C6004832D7 /* Debug */,
				11B782161F6057C6004832D7 /* Release */,
			);
			defaultConfigurationIsVisible = 0;
			defaultConfigurationName = Release;
		};
		11B782171F6057C6004832D7 /* Build configuration list for PBXNativeTarget "that_sushiUITests" */ = {
			isa = XCConfigurationList;
			buildConfigurations = (
				11B782181F6057C6004832D7 /* Debug */,
				11B782191F6057C6004832D7 /* Release */,
			);
			defaultConfigurationIsVisible = 0;
			defaultConfigurationName = Release;
		};
/* End XCConfigurationList section */
	};
	rootObject = 11B781E11F6057C6004832D7 /* Project object */;
}
